
Microsoft Visual Studio Solution File, Format Version 12.00
# Visual Studio Version 16
VisualStudioVersion = 16.0.29728.190
MinimumVisualStudioVersion = 10.0.40219.1
Project("{9A19103F-16F7-4668-BE54-9A1E7A4F7556}") = "CChallange.Api", "CChallange.Api\CChallange.Api.csproj", "{FAE86587-E5F0-48A4-9D08-EC42263A5E00}"
EndProject
Project("{9A19103F-16F7-4668-BE54-9A1E7A4F7556}") = "CChallange.Data", "CChallange.Data\CChallange.Data.csproj", "{94AF2D48-6117-4054-A955-61B5404D5A93}"
EndProject
Project("{9A19103F-16F7-4668-BE54-9A1E7A4F7556}") = "CChallange.JdoodleService", "CChallange.JdoodleService\CChallange.JdoodleService.csproj", "{079B47B2-9EE5-4550-9B42-602912357F1B}"
EndProject
Project("{9A19103F-16F7-4668-BE54-9A1E7A4F7556}") = "CChallange.Services", "CChallange.SubmitionsService\CChallange.Services.csproj", "{438EDFB3-D17D-498A-A23D-85B165FA21DB}"
EndProject
Global
	GlobalSection(SolutionConfigurationPlatforms) = preSolution
		Debug|Any CPU = Debug|Any CPU
		Release|Any CPU = Release|Any CPU
	EndGlobalSection
	GlobalSection(ProjectConfigurationPlatforms) = postSolution
		{FAE86587-E5F0-48A4-9D08-EC42263A5E00}.Debug|Any CPU.ActiveCfg = Debug|Any CPU
		{FAE86587-E5F0-48A4-9D08-EC42263A5E00}.Debug|Any CPU.Build.0 = Debug|Any CPU
		{FAE86587-E5F0-48A4-9D08-EC42263A5E00}.Release|Any CPU.ActiveCfg = Release|Any CPU
		{FAE86587-E5F0-48A4-9D08-EC42263A5E00}.Release|Any CPU.Build.0 = Release|Any CPU
		{94AF2D48-6117-4054-A955-61B5404D5A93}.Debug|Any CPU.ActiveCfg = Debug|Any CPU
		{94AF2D48-6117-4054-A955-61B5404D5A93}.Debug|Any CPU.Build.0 = Debug|Any CPU
		{94AF2D48-6117-4054-A955-61B5404D5A93}.Release|Any CPU.ActiveCfg = Release|Any CPU
		{94AF2D48-6117-4054-A955-61B5404D5A93}.Release|Any CPU.Build.0 = Release|Any CPU
		{079B47B2-9EE5-4550-9B42-602912357F1B}.Debug|Any CPU.ActiveCfg = Debug|Any CPU
		{079B47B2-9EE5-4550-9B42-602912357F1B}.Debug|Any CPU.Build.0 = Debug|Any CPU
		{079B47B2-9EE5-4550-9B42-602912357F1B}.Release|Any CPU.ActiveCfg = Release|Any CPU
		{079B47B2-9EE5-4550-9B42-602912357F1B}.Release|Any CPU.Build.0 = Release|Any CPU
		{438EDFB3-D17D-498A-A23D-85B165FA21DB}.Debug|Any CPU.ActiveCfg = Debug|Any CPU
		{438EDFB3-D17D-498A-A23D-85B165FA21DB}.Debug|Any CPU.Build.0 = Debug|Any CPU
		{438EDFB3-D17D-498A-A23D-85B165FA21DB}.Release|Any CPU.ActiveCfg = Release|Any CPU
		{438EDFB3-D17D-498A-A23D-85B165FA21DB}.Release|Any CPU.Build.0 = Release|Any CPU
	EndGlobalSection
	GlobalSection(SolutionProperties) = preSolution
		HideSolutionNode = FALSE
	EndGlobalSection
	GlobalSection(ExtensibilityGlobals) = postSolution
		SolutionGuid = {37A1E7C5-1B28-45D8-B110-78DD88F0F3B1}
	EndGlobalSection
EndGlobal
